
Microsoft Visual Studio Solution File, Format Version 12.00
# Visual Studio Version 17
VisualStudioVersion = 17.3.32929.385
MinimumVisualStudioVersion = 10.0.40219.1
Project("{9A19103F-16F7-4668-BE54-9A1E7A4F7556}") = "Data Structure", "Data Structure\Data Structure.csproj", "{29986B8F-57FB-4CA6-A526-B9F9E5D5BDD7}"
EndProject
Project("{9A19103F-16F7-4668-BE54-9A1E7A4F7556}") = "Linear_D_S_Stack", "Linear_D_S_Stack\Linear_D_S_Stack.csproj", "{7F839136-9D8A-419F-A1AD-D4D0486ED398}"
EndProject
Global
	GlobalSection(SolutionConfigurationPlatforms) = preSolution
		Debug|Any CPU = Debug|Any CPU
		Release|Any CPU = Release|Any CPU
	EndGlobalSection
	GlobalSection(ProjectConfigurationPlatforms) = postSolution
		{29986B8F-57FB-4CA6-A526-B9F9E5D5BDD7}.Debug|Any CPU.ActiveCfg = Debug|Any CPU
		{29986B8F-57FB-4CA6-A526-B9F9E5D5BDD7}.Debug|Any CPU.Build.0 = Debug|Any CPU
		{29986B8F-57FB-4CA6-A526-B9F9E5D5BDD7}.Release|Any CPU.ActiveCfg = Release|Any CPU
		{29986B8F-57FB-4CA6-A526-B9F9E5D5BDD7}.Release|Any CPU.Build.0 = Release|Any CPU
		{7F839136-9D8A-419F-A1AD-D4D0486ED398}.Debug|Any CPU.ActiveCfg = Debug|Any CPU
		{7F839136-9D8A-419F-A1AD-D4D0486ED398}.Debug|Any CPU.Build.0 = Debug|Any CPU
		{7F839136-9D8A-419F-A1AD-D4D0486ED398}.Release|Any CPU.ActiveCfg = Release|Any CPU
		{7F839136-9D8A-419F-A1AD-D4D0486ED398}.Release|Any CPU.Build.0 = Release|Any CPU
	EndGlobalSection
	GlobalSection(SolutionProperties) = preSolution
		HideSolutionNode = FALSE
	EndGlobalSection
	GlobalSection(ExtensibilityGlobals) = postSolution
		SolutionGuid = {31888E1D-9961-4CAE-95BB-19E7E688AF85}
	EndGlobalSection
EndGlobal
